
Microsoft Visual Studio Solution File, Format Version 12.00
# Visual Studio Version 16
VisualStudioVersion = 16.0.30621.155
MinimumVisualStudioVersion = 10.0.40219.1
Project("{8BC9CEB8-8B4A-11D0-8D11-00A0C91BC942}") = "main", "main\main.vcxproj", "{9CC47364-479E-450F-8A4C-12F7A693925F}"
EndProject
Project("{8BC9CEB8-8B4A-11D0-8D11-00A0C91BC942}") = "UnitTest1", "UnitTest1\UnitTest1.vcxproj", "{D1EE5EE6-CA0A-454E-8C1F-DFBAC82FD4D8}"
EndProject
Global
	GlobalSection(SolutionConfigurationPlatforms) = preSolution
		Debug|x64 = Debug|x64
		Debug|x86 = Debug|x86
		Release|x64 = Release|x64
		Release|x86 = Release|x86
	EndGlobalSection
	GlobalSection(ProjectConfigurationPlatforms) = postSolution
		{9CC47364-479E-450F-8A4C-12F7A693925F}.Debug|x64.ActiveCfg = Debug|x64
		{9CC47364-479E-450F-8A4C-12F7A693925F}.Debug|x64.Build.0 = Debug|x64
		{9CC47364-479E-450F-8A4C-12F7A693925F}.Debug|x86.ActiveCfg = Debug|Win32
		{9CC47364-479E-450F-8A4C-12F7A693925F}.Debug|x86.Build.0 = Debug|Win32
		{9CC47364-479E-450F-8A4C-12F7A693925F}.Release|x64.ActiveCfg = Release|x64
		{9CC47364-479E-450F-8A4C-12F7A693925F}.Release|x64.Build.0 = Release|x64
		{9CC47364-479E-450F-8A4C-12F7A693925F}.Release|x86.ActiveCfg = Release|Win32
		{9CC47364-479E-450F-8A4C-12F7A693925F}.Release|x86.Build.0 = Release|Win32
		{D1EE5EE6-CA0A-454E-8C1F-DFBAC82FD4D8}.Debug|x64.ActiveCfg = Debug|x64
		{D1EE5EE6-CA0A-454E-8C1F-DFBAC82FD4D8}.Debug|x64.Build.0 = Debug|x64
		{D1EE5EE6-CA0A-454E-8C1F-DFBAC82FD4D8}.Debug|x86.ActiveCfg = Debug|Win32
		{D1EE5EE6-CA0A-454E-8C1F-DFBAC82FD4D8}.Debug|x86.Build.0 = Debug|Win32
		{D1EE5EE6-CA0A-454E-8C1F-DFBAC82FD4D8}.Release|x64.ActiveCfg = Release|x64
		{D1EE5EE6-CA0A-454E-8C1F-DFBAC82FD4D8}.Release|x64.Build.0 = Release|x64
		{D1EE5EE6-CA0A-454E-8C1F-DFBAC82FD4D8}.Release|x86.ActiveCfg = Release|Win32
		{D1EE5EE6-CA0A-454E-8C1F-DFBAC82FD4D8}.Release|x86.Build.0 = Release|Win32
	EndGlobalSection
	GlobalSection(SolutionProperties) = preSolution
		HideSolutionNode = FALSE
	EndGlobalSection
	GlobalSection(ExtensibilityGlobals) = postSolution
		SolutionGuid = {84E431EA-131A-4AEE-92A3-06E8E1C6B097}
	EndGlobalSection
EndGlobal
